
Microsoft Visual Studio Solution File, Format Version 12.00
# Visual Studio Version 17
VisualStudioVersion = 17.2.32602.215
MinimumVisualStudioVersion = 10.0.40219.1
Project("{FAE04EC0-301F-11D3-BF4B-00C04F79EFBC}") = "herencia", "herencia\herencia.csproj", "{526DDA0C-A3E7-48D3-A4C6-2D8467190CC2}"
EndProject
Global
	GlobalSection(SolutionConfigurationPlatforms) = preSolution
		Debug|Any CPU = Debug|Any CPU
		Release|Any CPU = Release|Any CPU
	EndGlobalSection
	GlobalSection(ProjectConfigurationPlatforms) = postSolution
		{526DDA0C-A3E7-48D3-A4C6-2D8467190CC2}.Debug|Any CPU.ActiveCfg = Debug|Any CPU
		{526DDA0C-A3E7-48D3-A4C6-2D8467190CC2}.Debug|Any CPU.Build.0 = Debug|Any CPU
		{526DDA0C-A3E7-48D3-A4C6-2D8467190CC2}.Release|Any CPU.ActiveCfg = Release|Any CPU
		{526DDA0C-A3E7-48D3-A4C6-2D8467190CC2}.Release|Any CPU.Build.0 = Release|Any CPU
	EndGlobalSection
	GlobalSection(SolutionProperties) = preSolution
		HideSolutionNode = FALSE
	EndGlobalSection
	GlobalSection(ExtensibilityGlobals) = postSolution
		SolutionGuid = {6B4554CC-6A90-4005-B728-7475493351CE}
	EndGlobalSection
EndGlobal
